// !$*UTF8*$!
{
	archiveVersion = 1;
	classes = {
	};
	objectVersion = 46;
	objects = {

/* Begin PBXBuildFile section */
		C3F341E91CADDE53000ECEBC /* libC7.dylib in Frameworks */ = {isa = PBXBuildFile; fileRef = "_____Product_C7" /* libC7.dylib */; };
		C3F341EA1CADDE53000ECEBC /* libC7.dylib in Frameworks */ = {isa = PBXBuildFile; fileRef = "_____Product_C7" /* libC7.dylib */; };
		C3F341EB1CADDE53000ECEBC /* libOperatingSystem.dylib in Frameworks */ = {isa = PBXBuildFile; fileRef = "_____Product_OperatingSystem" /* libOperatingSystem.dylib */; };
		C3F341EF1CADDED6000ECEBC /* StructuredData.swift in Sources */ = {isa = PBXBuildFile; fileRef = __PBXFileRef_Source/InterchangeData.swift /* StructuredData.swift */; };
		_LinkFileRef_C7 /* libC7.dylib in Frameworks */ = {isa = PBXBuildFile; fileRef = "_____Product_C7" /* libC7.dylib */; };
		_LinkFileRef_Data /* libData.dylib in Frameworks */ = {isa = PBXBuildFile; fileRef = "_____Product_Data" /* libData.dylib */; };
		_LinkFileRef_OperatingSystem /* libOperatingSystem.dylib in Frameworks */ = {isa = PBXBuildFile; fileRef = "_____Product_OperatingSystem" /* libOperatingSystem.dylib */; };
		"__src_cc_ref_Packages/C7-0.1.12/Sources/AsyncStream.swift" /* AsyncStream.swift in Sources */ = {isa = PBXBuildFile; fileRef = "__PBXFileRef_Packages/C7-0.1.12/Sources/AsyncStream.swift" /* AsyncStream.swift */; };
		"__src_cc_ref_Packages/C7-0.1.12/Sources/AsyncStreamClient.swift" /* AsyncStreamClient.swift in Sources */ = {isa = PBXBuildFile; fileRef = "__PBXFileRef_Packages/C7-0.1.12/Sources/AsyncStreamClient.swift" /* AsyncStreamClient.swift */; };
		"__src_cc_ref_Packages/C7-0.1.12/Sources/AsyncStreamServer.swift" /* AsyncStreamServer.swift in Sources */ = {isa = PBXBuildFile; fileRef = "__PBXFileRef_Packages/C7-0.1.12/Sources/AsyncStreamServer.swift" /* AsyncStreamServer.swift */; };
		"__src_cc_ref_Packages/C7-0.1.12/Sources/Byte.swift" /* Byte.swift in Sources */ = {isa = PBXBuildFile; fileRef = "__PBXFileRef_Packages/C7-0.1.12/Sources/Byte.swift" /* Byte.swift */; };
		"__src_cc_ref_Packages/C7-0.1.12/Sources/C7.swift" /* C7.swift in Sources */ = {isa = PBXBuildFile; fileRef = "__PBXFileRef_Packages/C7-0.1.12/Sources/C7.swift" /* C7.swift */; };
		"__src_cc_ref_Packages/C7-0.1.12/Sources/CaseInsensitiveString.swift" /* CaseInsensitiveString.swift in Sources */ = {isa = PBXBuildFile; fileRef = "__PBXFileRef_Packages/C7-0.1.12/Sources/CaseInsensitiveString.swift" /* CaseInsensitiveString.swift */; };
		"__src_cc_ref_Packages/C7-0.1.12/Sources/CustomDataStore.swift" /* CustomDataStore.swift in Sources */ = {isa = PBXBuildFile; fileRef = "__PBXFileRef_Packages/C7-0.1.12/Sources/CustomDataStore.swift" /* CustomDataStore.swift */; };
		"__src_cc_ref_Packages/C7-0.1.12/Sources/Data.swift" /* Data.swift in Sources */ = {isa = PBXBuildFile; fileRef = "__PBXFileRef_Packages/C7-0.1.12/Sources/Data.swift" /* Data.swift */; };
		"__src_cc_ref_Packages/C7-0.1.12/Sources/Drain.swift" /* Drain.swift in Sources */ = {isa = PBXBuildFile; fileRef = "__PBXFileRef_Packages/C7-0.1.12/Sources/Drain.swift" /* Drain.swift */; };
		"__src_cc_ref_Packages/C7-0.1.12/Sources/Storage.swift" /* Storage.swift in Sources */ = {isa = PBXBuildFile; fileRef = "__PBXFileRef_Packages/C7-0.1.12/Sources/Storage.swift" /* Storage.swift */; };
		"__src_cc_ref_Packages/C7-0.1.12/Sources/Stream.swift" /* Stream.swift in Sources */ = {isa = PBXBuildFile; fileRef = "__PBXFileRef_Packages/C7-0.1.12/Sources/Stream.swift" /* Stream.swift */; };
		"__src_cc_ref_Packages/C7-0.1.12/Sources/StreamClient.swift" /* StreamClient.swift in Sources */ = {isa = PBXBuildFile; fileRef = "__PBXFileRef_Packages/C7-0.1.12/Sources/StreamClient.swift" /* StreamClient.swift */; };
		"__src_cc_ref_Packages/C7-0.1.12/Sources/StreamSequence.swift" /* StreamSequence.swift in Sources */ = {isa = PBXBuildFile; fileRef = "__PBXFileRef_Packages/C7-0.1.12/Sources/StreamSequence.swift" /* StreamSequence.swift */; };
		"__src_cc_ref_Packages/C7-0.1.12/Sources/StreamServer.swift" /* StreamServer.swift in Sources */ = {isa = PBXBuildFile; fileRef = "__PBXFileRef_Packages/C7-0.1.12/Sources/StreamServer.swift" /* StreamServer.swift */; };
		"__src_cc_ref_Packages/C7-0.1.12/Sources/URI.swift" /* URI.swift in Sources */ = {isa = PBXBuildFile; fileRef = "__PBXFileRef_Packages/C7-0.1.12/Sources/URI.swift" /* URI.swift */; };
		"__src_cc_ref_Packages/C7-0.1.12/Tests/C7/ExampleTests.swift" /* ExampleTests.swift in Sources */ = {isa = PBXBuildFile; fileRef = "__PBXFileRef_Packages/C7-0.1.12/Tests/C7/ExampleTests.swift" /* ExampleTests.swift */; };
		"__src_cc_ref_Packages/Data-0.4.8/Source/Data.swift" /* Data.swift in Sources */ = {isa = PBXBuildFile; fileRef = "__PBXFileRef_Packages/Data-0.4.8/Source/Data.swift" /* Data.swift */; };
		"__src_cc_ref_Packages/OperatingSystem-0.4.2/Sources/OperatingSystem.swift" /* OperatingSystem.swift in Sources */ = {isa = PBXBuildFile; fileRef = "__PBXFileRef_Packages/OperatingSystem-0.4.2/Sources/OperatingSystem.swift" /* OperatingSystem.swift */; };
/* End PBXBuildFile section */

/* Begin PBXContainerItemProxy section */
		C3F341EC1CADDE53000ECEBC /* PBXContainerItemProxy */ = {
			isa = PBXContainerItemProxy;
			containerPortal = __RootObject_ /* Project object */;
			proxyType = 1;
			remoteGlobalIDString = "______Target_C7";
			remoteInfo = C7;
		};
		C3F341ED1CADDE53000ECEBC /* PBXContainerItemProxy */ = {
			isa = PBXContainerItemProxy;
			containerPortal = __RootObject_ /* Project object */;
			proxyType = 1;
			remoteGlobalIDString = "______Target_OperatingSystem";
			remoteInfo = OperatingSystem;
		};
		C3F341EE1CADDE53000ECEBC /* PBXContainerItemProxy */ = {
			isa = PBXContainerItemProxy;
			containerPortal = __RootObject_ /* Project object */;
			proxyType = 1;
			remoteGlobalIDString = "______Target_Data";
			remoteInfo = Data;
		};
/* End PBXContainerItemProxy section */

/* Begin PBXFileReference section */
		__PBXFileRef_Package.swift /* Package.swift */ = {isa = PBXFileReference; lastKnownFileType = sourcecode.swift; name = Package.swift; path = "/Users/tanner/Developer/vapor/structured-data/Package.swift"; sourceTree = "<group>"; };
		"__PBXFileRef_Packages/C7-0.1.12/Sources/AsyncStream.swift" /* AsyncStream.swift */ = {isa = PBXFileReference; lastKnownFileType = sourcecode.swift; path = AsyncStream.swift; sourceTree = "<group>"; };
		"__PBXFileRef_Packages/C7-0.1.12/Sources/AsyncStreamClient.swift" /* AsyncStreamClient.swift */ = {isa = PBXFileReference; lastKnownFileType = sourcecode.swift; path = AsyncStreamClient.swift; sourceTree = "<group>"; };
		"__PBXFileRef_Packages/C7-0.1.12/Sources/AsyncStreamServer.swift" /* AsyncStreamServer.swift */ = {isa = PBXFileReference; lastKnownFileType = sourcecode.swift; path = AsyncStreamServer.swift; sourceTree = "<group>"; };
		"__PBXFileRef_Packages/C7-0.1.12/Sources/Byte.swift" /* Byte.swift */ = {isa = PBXFileReference; lastKnownFileType = sourcecode.swift; path = Byte.swift; sourceTree = "<group>"; };
		"__PBXFileRef_Packages/C7-0.1.12/Sources/C7.swift" /* C7.swift */ = {isa = PBXFileReference; lastKnownFileType = sourcecode.swift; path = C7.swift; sourceTree = "<group>"; };
		"__PBXFileRef_Packages/C7-0.1.12/Sources/CaseInsensitiveString.swift" /* CaseInsensitiveString.swift */ = {isa = PBXFileReference; lastKnownFileType = sourcecode.swift; path = CaseInsensitiveString.swift; sourceTree = "<group>"; };
		"__PBXFileRef_Packages/C7-0.1.12/Sources/CustomDataStore.swift" /* CustomDataStore.swift */ = {isa = PBXFileReference; lastKnownFileType = sourcecode.swift; path = CustomDataStore.swift; sourceTree = "<group>"; };
		"__PBXFileRef_Packages/C7-0.1.12/Sources/Data.swift" /* Data.swift */ = {isa = PBXFileReference; lastKnownFileType = sourcecode.swift; path = Data.swift; sourceTree = "<group>"; };
		"__PBXFileRef_Packages/C7-0.1.12/Sources/Drain.swift" /* Drain.swift */ = {isa = PBXFileReference; lastKnownFileType = sourcecode.swift; path = Drain.swift; sourceTree = "<group>"; };
		"__PBXFileRef_Packages/C7-0.1.12/Sources/Storage.swift" /* Storage.swift */ = {isa = PBXFileReference; lastKnownFileType = sourcecode.swift; path = Storage.swift; sourceTree = "<group>"; };
		"__PBXFileRef_Packages/C7-0.1.12/Sources/Stream.swift" /* Stream.swift */ = {isa = PBXFileReference; lastKnownFileType = sourcecode.swift; path = Stream.swift; sourceTree = "<group>"; };
		"__PBXFileRef_Packages/C7-0.1.12/Sources/StreamClient.swift" /* StreamClient.swift */ = {isa = PBXFileReference; lastKnownFileType = sourcecode.swift; path = StreamClient.swift; sourceTree = "<group>"; };
		"__PBXFileRef_Packages/C7-0.1.12/Sources/StreamSequence.swift" /* StreamSequence.swift */ = {isa = PBXFileReference; lastKnownFileType = sourcecode.swift; path = StreamSequence.swift; sourceTree = "<group>"; };
		"__PBXFileRef_Packages/C7-0.1.12/Sources/StreamServer.swift" /* StreamServer.swift */ = {isa = PBXFileReference; lastKnownFileType = sourcecode.swift; path = StreamServer.swift; sourceTree = "<group>"; };
		"__PBXFileRef_Packages/C7-0.1.12/Sources/URI.swift" /* URI.swift */ = {isa = PBXFileReference; lastKnownFileType = sourcecode.swift; path = URI.swift; sourceTree = "<group>"; };
		"__PBXFileRef_Packages/C7-0.1.12/Tests/C7/ExampleTests.swift" /* ExampleTests.swift */ = {isa = PBXFileReference; lastKnownFileType = sourcecode.swift; path = ExampleTests.swift; sourceTree = "<group>"; };
		"__PBXFileRef_Packages/Data-0.4.8/Source/Data.swift" /* Data.swift */ = {isa = PBXFileReference; lastKnownFileType = sourcecode.swift; path = Data.swift; sourceTree = "<group>"; };
		"__PBXFileRef_Packages/OperatingSystem-0.4.2/Sources/OperatingSystem.swift" /* OperatingSystem.swift */ = {isa = PBXFileReference; lastKnownFileType = sourcecode.swift; path = OperatingSystem.swift; sourceTree = "<group>"; };
		__PBXFileRef_Source/InterchangeData.swift /* StructuredData.swift */ = {isa = PBXFileReference; lastKnownFileType = sourcecode.swift; path = StructuredData.swift; sourceTree = "<group>"; };
		"_____Product_C7" /* libC7.dylib */ = {isa = PBXFileReference; explicitFileType = "compiled.mach-o.dylib"; path = libC7.dylib; sourceTree = BUILT_PRODUCTS_DIR; };
		"_____Product_C7TestSuite" /* C7TestSuite.xctest */ = {isa = PBXFileReference; lastKnownFileType = file; name = C7TestSuite.xctest; path = C7.testsuite.xctest; sourceTree = BUILT_PRODUCTS_DIR; };
		"_____Product_Data" /* libData.dylib */ = {isa = PBXFileReference; explicitFileType = "compiled.mach-o.dylib"; path = libData.dylib; sourceTree = BUILT_PRODUCTS_DIR; };
		"_____Product_OperatingSystem" /* libOperatingSystem.dylib */ = {isa = PBXFileReference; explicitFileType = "compiled.mach-o.dylib"; path = libOperatingSystem.dylib; sourceTree = BUILT_PRODUCTS_DIR; };
		"_____Product_StructuredData" /* StructuredData.dylib */ = {isa = PBXFileReference; explicitFileType = "compiled.mach-o.dylib"; name = StructuredData.dylib; path = libStructuredData.dylib; sourceTree = BUILT_PRODUCTS_DIR; };
/* End PBXFileReference section */

/* Begin PBXFrameworksBuildPhase section */
		"___LinkPhase_C7" /* Frameworks */ = {
			isa = PBXFrameworksBuildPhase;
			buildActionMask = 0;
			files = (
			);
			runOnlyForDeploymentPostprocessing = 0;
		};
		"___LinkPhase_C7TestSuite" /* Frameworks */ = {
			isa = PBXFrameworksBuildPhase;
			buildActionMask = 0;
			files = (
				_LinkFileRef_C7 /* libC7.dylib in Frameworks */,
			);
			runOnlyForDeploymentPostprocessing = 0;
		};
		"___LinkPhase_Data" /* Frameworks */ = {
			isa = PBXFrameworksBuildPhase;
			buildActionMask = 0;
			files = (
				C3F341E91CADDE53000ECEBC /* libC7.dylib in Frameworks */,
				_LinkFileRef_OperatingSystem /* libOperatingSystem.dylib in Frameworks */,
			);
			runOnlyForDeploymentPostprocessing = 0;
		};
		"___LinkPhase_OperatingSystem" /* Frameworks */ = {
			isa = PBXFrameworksBuildPhase;
			buildActionMask = 0;
			files = (
			);
			runOnlyForDeploymentPostprocessing = 0;
		};
		"___LinkPhase_StructuredData" /* Frameworks */ = {
			isa = PBXFrameworksBuildPhase;
			buildActionMask = 0;
			files = (
				C3F341EA1CADDE53000ECEBC /* libC7.dylib in Frameworks */,
				C3F341EB1CADDE53000ECEBC /* libOperatingSystem.dylib in Frameworks */,
				_LinkFileRef_Data /* libData.dylib in Frameworks */,
			);
			runOnlyForDeploymentPostprocessing = 0;
		};
/* End PBXFrameworksBuildPhase section */

/* Begin PBXGroup section */
		TestProducts_ /* Tests */ = {
			isa = PBXGroup;
			children = (
				"_____Product_C7TestSuite" /* C7TestSuite.xctest */,
			);
			name = Tests;
			sourceTree = "<group>";
		};
		"___RootGroup_" = {
			isa = PBXGroup;
			children = (
				__PBXFileRef_Package.swift /* Package.swift */,
				"_____Sources_" /* Sources */,
				"_______Tests_" /* Tests */,
				"____Products_" /* Products */,
			);
			sourceTree = "<group>";
		};
		"____Products_" /* Products */ = {
			isa = PBXGroup;
			children = (
				TestProducts_ /* Tests */,
				"_____Product_OperatingSystem" /* libOperatingSystem.dylib */,
				"_____Product_C7" /* libC7.dylib */,
				"_____Product_Data" /* libData.dylib */,
				"_____Product_StructuredData" /* StructuredData.dylib */,
			);
			name = Products;
			sourceTree = "<group>";
		};
		"_____Sources_" /* Sources */ = {
			isa = PBXGroup;
			children = (
				"_______Group_OperatingSystem" /* OperatingSystem */,
				"_______Group_C7" /* C7 */,
				"_______Group_Data" /* Data */,
				"_______Group_StructuredData" /* StructuredData */,
			);
			name = Sources;
			sourceTree = "<group>";
		};
		"_______Group_C7" /* C7 */ = {
			isa = PBXGroup;
			children = (
				"__PBXFileRef_Packages/C7-0.1.12/Sources/AsyncStream.swift" /* AsyncStream.swift */,
				"__PBXFileRef_Packages/C7-0.1.12/Sources/AsyncStreamClient.swift" /* AsyncStreamClient.swift */,
				"__PBXFileRef_Packages/C7-0.1.12/Sources/AsyncStreamServer.swift" /* AsyncStreamServer.swift */,
				"__PBXFileRef_Packages/C7-0.1.12/Sources/Byte.swift" /* Byte.swift */,
				"__PBXFileRef_Packages/C7-0.1.12/Sources/C7.swift" /* C7.swift */,
				"__PBXFileRef_Packages/C7-0.1.12/Sources/CaseInsensitiveString.swift" /* CaseInsensitiveString.swift */,
				"__PBXFileRef_Packages/C7-0.1.12/Sources/CustomDataStore.swift" /* CustomDataStore.swift */,
				"__PBXFileRef_Packages/C7-0.1.12/Sources/Data.swift" /* Data.swift */,
				"__PBXFileRef_Packages/C7-0.1.12/Sources/Drain.swift" /* Drain.swift */,
				"__PBXFileRef_Packages/C7-0.1.12/Sources/Storage.swift" /* Storage.swift */,
				"__PBXFileRef_Packages/C7-0.1.12/Sources/Stream.swift" /* Stream.swift */,
				"__PBXFileRef_Packages/C7-0.1.12/Sources/StreamClient.swift" /* StreamClient.swift */,
				"__PBXFileRef_Packages/C7-0.1.12/Sources/StreamSequence.swift" /* StreamSequence.swift */,
				"__PBXFileRef_Packages/C7-0.1.12/Sources/StreamServer.swift" /* StreamServer.swift */,
				"__PBXFileRef_Packages/C7-0.1.12/Sources/URI.swift" /* URI.swift */,
			);
			name = C7;
			path = "Packages/C7-0.1.12/Sources";
			sourceTree = "<group>";
		};
		"_______Group_C7TestSuite" /* C7.testsuite */ = {
			isa = PBXGroup;
			children = (
				"__PBXFileRef_Packages/C7-0.1.12/Tests/C7/ExampleTests.swift" /* ExampleTests.swift */,
			);
			name = C7.testsuite;
			path = "Packages/C7-0.1.12/Tests/C7";
			sourceTree = "<group>";
		};
		"_______Group_Data" /* Data */ = {
			isa = PBXGroup;
			children = (
				"__PBXFileRef_Packages/Data-0.4.8/Source/Data.swift" /* Data.swift */,
			);
			name = Data;
			path = "Packages/Data-0.4.8/Source";
			sourceTree = "<group>";
		};
		"_______Group_OperatingSystem" /* OperatingSystem */ = {
			isa = PBXGroup;
			children = (
				"__PBXFileRef_Packages/OperatingSystem-0.4.2/Sources/OperatingSystem.swift" /* OperatingSystem.swift */,
			);
			name = OperatingSystem;
			path = "Packages/OperatingSystem-0.4.2/Sources";
			sourceTree = "<group>";
		};
		"_______Group_StructuredData" /* StructuredData */ = {
			isa = PBXGroup;
			children = (
				__PBXFileRef_Source/InterchangeData.swift /* StructuredData.swift */,
			);
			name = StructuredData;
			path = Source;
			sourceTree = "<group>";
		};
		"_______Tests_" /* Tests */ = {
			isa = PBXGroup;
			children = (
				"_______Group_C7TestSuite" /* C7.testsuite */,
			);
			name = Tests;
			sourceTree = "<group>";
		};
/* End PBXGroup section */

/* Begin PBXNativeTarget section */
		"______Target_C7" /* C7 */ = {
			isa = PBXNativeTarget;
			buildConfigurationList = "_______Confs_C7" /* Build configuration list for PBXNativeTarget "C7" */;
			buildPhases = (
				CompilePhase_C7 /* Sources */,
				"___LinkPhase_C7" /* Frameworks */,
			);
			buildRules = (
			);
			dependencies = (
			);
			name = C7;
			productName = C7;
			productReference = "_____Product_C7" /* libC7.dylib */;
			productType = "com.apple.product-type.library.dynamic";
		};
		"______Target_C7TestSuite" /* C7.testsuite */ = {
			isa = PBXNativeTarget;
			buildConfigurationList = "_______Confs_C7TestSuite" /* Build configuration list for PBXNativeTarget "C7.testsuite" */;
			buildPhases = (
				CompilePhase_C7TestSuite /* Sources */,
				"___LinkPhase_C7TestSuite" /* Frameworks */,
			);
			buildRules = (
			);
			dependencies = (
				__Dependency_C7 /* PBXTargetDependency */,
			);
			name = C7.testsuite;
			productName = C7TestSuite;
			productReference = "_____Product_C7TestSuite" /* C7TestSuite.xctest */;
			productType = "com.apple.product-type.bundle.unit-test";
		};
		"______Target_Data" /* Data */ = {
			isa = PBXNativeTarget;
			buildConfigurationList = "_______Confs_Data" /* Build configuration list for PBXNativeTarget "Data" */;
			buildPhases = (
				CompilePhase_Data /* Sources */,
				"___LinkPhase_Data" /* Frameworks */,
			);
			buildRules = (
			);
			dependencies = (
				__Dependency_C7 /* PBXTargetDependency */,
				__Dependency_OperatingSystem /* PBXTargetDependency */,
			);
			name = Data;
			productName = Data;
			productReference = "_____Product_Data" /* libData.dylib */;
			productType = "com.apple.product-type.library.dynamic";
		};
		"______Target_OperatingSystem" /* OperatingSystem */ = {
			isa = PBXNativeTarget;
			buildConfigurationList = "_______Confs_OperatingSystem" /* Build configuration list for PBXNativeTarget "OperatingSystem" */;
			buildPhases = (
				CompilePhase_OperatingSystem /* Sources */,
				"___LinkPhase_OperatingSystem" /* Frameworks */,
			);
			buildRules = (
			);
			dependencies = (
			);
			name = OperatingSystem;
			productName = OperatingSystem;
			productReference = "_____Product_OperatingSystem" /* libOperatingSystem.dylib */;
			productType = "com.apple.product-type.library.dynamic";
		};
		"______Target_StructuredData" /* StructuredData */ = {
			isa = PBXNativeTarget;
			buildConfigurationList = "_______Confs_StructuredData" /* Build configuration list for PBXNativeTarget "StructuredData" */;
			buildPhases = (
				CompilePhase_StructuredData /* Sources */,
				"___LinkPhase_StructuredData" /* Frameworks */,
			);
			buildRules = (
			);
			dependencies = (
				__Dependency_C7 /* PBXTargetDependency */,
				__Dependency_OperatingSystem /* PBXTargetDependency */,
				__Dependency_Data /* PBXTargetDependency */,
			);
			name = StructuredData;
			productName = StructuredData;
			productReference = "_____Product_StructuredData" /* StructuredData.dylib */;
			productType = "com.apple.product-type.library.dynamic";
		};
/* End PBXNativeTarget section */

/* Begin PBXProject section */
		__RootObject_ /* Project object */ = {
			isa = PBXProject;
			attributes = {
				LastUpgradeCheck = 9999;
			};
			buildConfigurationList = "___RootConfs_" /* Build configuration list for PBXProject "StructuredData" */;
			compatibilityVersion = "Xcode 3.2";
			developmentRegion = English;
			hasScannedForEncodings = 0;
			knownRegions = (
				en,
			);
			mainGroup = "___RootGroup_";
			productRefGroup = "____Products_" /* Products */;
			projectDirPath = "";
			projectRoot = "";
			targets = (
				"______Target_OperatingSystem" /* OperatingSystem */,
				"______Target_C7" /* C7 */,
				"______Target_C7TestSuite" /* C7.testsuite */,
				"______Target_Data" /* Data */,
				"______Target_StructuredData" /* StructuredData */,
			);
		};
/* End PBXProject section */

/* Begin PBXSourcesBuildPhase section */
		CompilePhase_C7 /* Sources */ = {
			isa = PBXSourcesBuildPhase;
			buildActionMask = 0;
			files = (
				"__src_cc_ref_Packages/C7-0.1.12/Sources/AsyncStream.swift" /* AsyncStream.swift in Sources */,
				"__src_cc_ref_Packages/C7-0.1.12/Sources/AsyncStreamClient.swift" /* AsyncStreamClient.swift in Sources */,
				"__src_cc_ref_Packages/C7-0.1.12/Sources/AsyncStreamServer.swift" /* AsyncStreamServer.swift in Sources */,
				"__src_cc_ref_Packages/C7-0.1.12/Sources/Byte.swift" /* Byte.swift in Sources */,
				"__src_cc_ref_Packages/C7-0.1.12/Sources/C7.swift" /* C7.swift in Sources */,
				"__src_cc_ref_Packages/C7-0.1.12/Sources/CaseInsensitiveString.swift" /* CaseInsensitiveString.swift in Sources */,
				"__src_cc_ref_Packages/C7-0.1.12/Sources/CustomDataStore.swift" /* CustomDataStore.swift in Sources */,
				"__src_cc_ref_Packages/C7-0.1.12/Sources/Data.swift" /* Data.swift in Sources */,
				"__src_cc_ref_Packages/C7-0.1.12/Sources/Drain.swift" /* Drain.swift in Sources */,
				"__src_cc_ref_Packages/C7-0.1.12/Sources/Storage.swift" /* Storage.swift in Sources */,
				"__src_cc_ref_Packages/C7-0.1.12/Sources/Stream.swift" /* Stream.swift in Sources */,
				"__src_cc_ref_Packages/C7-0.1.12/Sources/StreamClient.swift" /* StreamClient.swift in Sources */,
				"__src_cc_ref_Packages/C7-0.1.12/Sources/StreamSequence.swift" /* StreamSequence.swift in Sources */,
				"__src_cc_ref_Packages/C7-0.1.12/Sources/StreamServer.swift" /* StreamServer.swift in Sources */,
				"__src_cc_ref_Packages/C7-0.1.12/Sources/URI.swift" /* URI.swift in Sources */,
			);
			runOnlyForDeploymentPostprocessing = 0;
		};
		CompilePhase_C7TestSuite /* Sources */ = {
			isa = PBXSourcesBuildPhase;
			buildActionMask = 0;
			files = (
				"__src_cc_ref_Packages/C7-0.1.12/Tests/C7/ExampleTests.swift" /* ExampleTests.swift in Sources */,
			);
			runOnlyForDeploymentPostprocessing = 0;
		};
		CompilePhase_Data /* Sources */ = {
			isa = PBXSourcesBuildPhase;
			buildActionMask = 0;
			files = (
				"__src_cc_ref_Packages/Data-0.4.8/Source/Data.swift" /* Data.swift in Sources */,
			);
			runOnlyForDeploymentPostprocessing = 0;
		};
		CompilePhase_OperatingSystem /* Sources */ = {
			isa = PBXSourcesBuildPhase;
			buildActionMask = 0;
			files = (
				"__src_cc_ref_Packages/OperatingSystem-0.4.2/Sources/OperatingSystem.swift" /* OperatingSystem.swift in Sources */,
			);
			runOnlyForDeploymentPostprocessing = 0;
		};
		CompilePhase_StructuredData /* Sources */ = {
			isa = PBXSourcesBuildPhase;
			buildActionMask = 0;
			files = (
				C3F341EF1CADDED6000ECEBC /* StructuredData.swift in Sources */,
			);
			runOnlyForDeploymentPostprocessing = 0;
		};
/* End PBXSourcesBuildPhase section */

/* Begin PBXTargetDependency section */
		__Dependency_C7 /* PBXTargetDependency */ = {
			isa = PBXTargetDependency;
			target = "______Target_C7" /* C7 */;
			targetProxy = C3F341EC1CADDE53000ECEBC /* PBXContainerItemProxy */;
		};
		__Dependency_Data /* PBXTargetDependency */ = {
			isa = PBXTargetDependency;
			target = "______Target_Data" /* Data */;
			targetProxy = C3F341EE1CADDE53000ECEBC /* PBXContainerItemProxy */;
		};
		__Dependency_OperatingSystem /* PBXTargetDependency */ = {
			isa = PBXTargetDependency;
			target = "______Target_OperatingSystem" /* OperatingSystem */;
			targetProxy = C3F341ED1CADDE53000ECEBC /* PBXContainerItemProxy */;
		};
/* End PBXTargetDependency section */

/* Begin XCBuildConfiguration section */
		_ReleaseConf_C7 /* Release */ = {
			isa = XCBuildConfiguration;
			buildSettings = {
				COMBINE_HIDPI_IMAGES = YES;
				DYLIB_INSTALL_NAME_BASE = "$(CONFIGURATION_BUILD_DIR)";
				ENABLE_TESTABILITY = YES;
				LD_RUNPATH_SEARCH_PATHS = "$(TOOLCHAIN_DIR)/usr/lib/swift/macosx";
				MACOSX_DEPLOYMENT_TARGET = 10.10;
				OTHER_SWIFT_FLAGS = "-DXcode";
				PRODUCT_MODULE_NAME = C7;
				PRODUCT_NAME = "lib$(TARGET_NAME)";
			};
			name = Release;
		};
		_ReleaseConf_C7TestSuite /* Release */ = {
			isa = XCBuildConfiguration;
			buildSettings = {
				COMBINE_HIDPI_IMAGES = YES;
				EMBEDDED_CONTENT_CONTAINS_SWIFT = YES;
				LD_RUNPATH_SEARCH_PATHS = "@loader_path/../Frameworks";
				MACOSX_DEPLOYMENT_TARGET = 10.10;
				OTHER_SWIFT_FLAGS = "-DXcode";
				PRODUCT_MODULE_NAME = C7TestSuite;
				PRODUCT_NAME = "$(TARGET_NAME)";
			};
			name = Release;
		};
		_ReleaseConf_Data /* Release */ = {
			isa = XCBuildConfiguration;
			buildSettings = {
				COMBINE_HIDPI_IMAGES = YES;
				DYLIB_INSTALL_NAME_BASE = "$(CONFIGURATION_BUILD_DIR)";
				ENABLE_TESTABILITY = YES;
				LD_RUNPATH_SEARCH_PATHS = "$(TOOLCHAIN_DIR)/usr/lib/swift/macosx";
				MACOSX_DEPLOYMENT_TARGET = 10.10;
				OTHER_SWIFT_FLAGS = "-DXcode";
				PRODUCT_MODULE_NAME = Data;
				PRODUCT_NAME = "lib$(TARGET_NAME)";
			};
			name = Release;
		};
		_ReleaseConf_OperatingSystem /* Release */ = {
			isa = XCBuildConfiguration;
			buildSettings = {
				COMBINE_HIDPI_IMAGES = YES;
				DYLIB_INSTALL_NAME_BASE = "$(CONFIGURATION_BUILD_DIR)";
				ENABLE_TESTABILITY = YES;
				LD_RUNPATH_SEARCH_PATHS = "$(TOOLCHAIN_DIR)/usr/lib/swift/macosx";
				MACOSX_DEPLOYMENT_TARGET = 10.10;
				OTHER_SWIFT_FLAGS = "-DXcode";
				PRODUCT_MODULE_NAME = OperatingSystem;
				PRODUCT_NAME = "lib$(TARGET_NAME)";
			};
			name = Release;
		};
		_ReleaseConf_StructuredData /* Release */ = {
			isa = XCBuildConfiguration;
			buildSettings = {
				COMBINE_HIDPI_IMAGES = YES;
				DYLIB_INSTALL_NAME_BASE = "$(CONFIGURATION_BUILD_DIR)";
				ENABLE_TESTABILITY = YES;
				LD_RUNPATH_SEARCH_PATHS = "$(TOOLCHAIN_DIR)/usr/lib/swift/macosx";
				MACOSX_DEPLOYMENT_TARGET = 10.10;
				OTHER_SWIFT_FLAGS = "-DXcode";
				PRODUCT_MODULE_NAME = StructuredData;
				PRODUCT_NAME = "lib$(TARGET_NAME)";
			};
			name = Release;
		};
		"___DebugConf_C7" /* Debug */ = {
			isa = XCBuildConfiguration;
			buildSettings = {
				COMBINE_HIDPI_IMAGES = YES;
				DYLIB_INSTALL_NAME_BASE = "$(CONFIGURATION_BUILD_DIR)";
				ENABLE_TESTABILITY = YES;
				LD_RUNPATH_SEARCH_PATHS = "$(TOOLCHAIN_DIR)/usr/lib/swift/macosx";
				MACOSX_DEPLOYMENT_TARGET = 10.10;
				OTHER_SWIFT_FLAGS = "-DXcode";
				PRODUCT_MODULE_NAME = C7;
				PRODUCT_NAME = "lib$(TARGET_NAME)";
				SWIFT_OPTIMIZATION_LEVEL = "-Onone";
			};
			name = Debug;
		};
		"___DebugConf_C7TestSuite" /* Debug */ = {
			isa = XCBuildConfiguration;
			buildSettings = {
				COMBINE_HIDPI_IMAGES = YES;
				EMBEDDED_CONTENT_CONTAINS_SWIFT = YES;
				LD_RUNPATH_SEARCH_PATHS = "@loader_path/../Frameworks";
				MACOSX_DEPLOYMENT_TARGET = 10.10;
				OTHER_SWIFT_FLAGS = "-DXcode";
				PRODUCT_MODULE_NAME = C7TestSuite;
				PRODUCT_NAME = "$(TARGET_NAME)";
				SWIFT_OPTIMIZATION_LEVEL = "-Onone";
			};
			name = Debug;
		};
		"___DebugConf_Data" /* Debug */ = {
			isa = XCBuildConfiguration;
			buildSettings = {
				COMBINE_HIDPI_IMAGES = YES;
				DYLIB_INSTALL_NAME_BASE = "$(CONFIGURATION_BUILD_DIR)";
				ENABLE_TESTABILITY = YES;
				LD_RUNPATH_SEARCH_PATHS = "$(TOOLCHAIN_DIR)/usr/lib/swift/macosx";
				MACOSX_DEPLOYMENT_TARGET = 10.10;
				OTHER_SWIFT_FLAGS = "-DXcode";
				PRODUCT_MODULE_NAME = Data;
				PRODUCT_NAME = "lib$(TARGET_NAME)";
				SWIFT_OPTIMIZATION_LEVEL = "-Onone";
			};
			name = Debug;
		};
		"___DebugConf_OperatingSystem" /* Debug */ = {
			isa = XCBuildConfiguration;
			buildSettings = {
				COMBINE_HIDPI_IMAGES = YES;
				DYLIB_INSTALL_NAME_BASE = "$(CONFIGURATION_BUILD_DIR)";
				ENABLE_TESTABILITY = YES;
				LD_RUNPATH_SEARCH_PATHS = "$(TOOLCHAIN_DIR)/usr/lib/swift/macosx";
				MACOSX_DEPLOYMENT_TARGET = 10.10;
				OTHER_SWIFT_FLAGS = "-DXcode";
				PRODUCT_MODULE_NAME = OperatingSystem;
				PRODUCT_NAME = "lib$(TARGET_NAME)";
				SWIFT_OPTIMIZATION_LEVEL = "-Onone";
			};
			name = Debug;
		};
		"___DebugConf_StructuredData" /* Debug */ = {
			isa = XCBuildConfiguration;
			buildSettings = {
				COMBINE_HIDPI_IMAGES = YES;
				DYLIB_INSTALL_NAME_BASE = "$(CONFIGURATION_BUILD_DIR)";
				ENABLE_TESTABILITY = YES;
				LD_RUNPATH_SEARCH_PATHS = "$(TOOLCHAIN_DIR)/usr/lib/swift/macosx";
				MACOSX_DEPLOYMENT_TARGET = 10.10;
				OTHER_SWIFT_FLAGS = "-DXcode";
				PRODUCT_MODULE_NAME = StructuredData;
				PRODUCT_NAME = "lib$(TARGET_NAME)";
				SWIFT_OPTIMIZATION_LEVEL = "-Onone";
			};
			name = Debug;
		};
		"_____Release_" /* Release */ = {
			isa = XCBuildConfiguration;
			buildSettings = {
			};
			name = Release;
		};
		"_______Debug_" /* Debug */ = {
			isa = XCBuildConfiguration;
			buildSettings = {
			};
			name = Debug;
		};
/* End XCBuildConfiguration section */

/* Begin XCConfigurationList section */
		"___RootConfs_" /* Build configuration list for PBXProject "StructuredData" */ = {
			isa = XCConfigurationList;
			buildConfigurations = (
				"_______Debug_" /* Debug */,
				"_____Release_" /* Release */,
			);
			defaultConfigurationIsVisible = 0;
			defaultConfigurationName = Debug;
		};
		"_______Confs_C7" /* Build configuration list for PBXNativeTarget "C7" */ = {
			isa = XCConfigurationList;
			buildConfigurations = (
				"___DebugConf_C7" /* Debug */,
				_ReleaseConf_C7 /* Release */,
			);
			defaultConfigurationIsVisible = 0;
			defaultConfigurationName = Debug;
		};
		"_______Confs_C7TestSuite" /* Build configuration list for PBXNativeTarget "C7.testsuite" */ = {
			isa = XCConfigurationList;
			buildConfigurations = (
				"___DebugConf_C7TestSuite" /* Debug */,
				_ReleaseConf_C7TestSuite /* Release */,
			);
			defaultConfigurationIsVisible = 0;
			defaultConfigurationName = Debug;
		};
		"_______Confs_Data" /* Build configuration list for PBXNativeTarget "Data" */ = {
			isa = XCConfigurationList;
			buildConfigurations = (
				"___DebugConf_Data" /* Debug */,
				_ReleaseConf_Data /* Release */,
			);
			defaultConfigurationIsVisible = 0;
			defaultConfigurationName = Debug;
		};
		"_______Confs_OperatingSystem" /* Build configuration list for PBXNativeTarget "OperatingSystem" */ = {
			isa = XCConfigurationList;
			buildConfigurations = (
				"___DebugConf_OperatingSystem" /* Debug */,
				_ReleaseConf_OperatingSystem /* Release */,
			);
			defaultConfigurationIsVisible = 0;
			defaultConfigurationName = Debug;
		};
		"_______Confs_StructuredData" /* Build configuration list for PBXNativeTarget "StructuredData" */ = {
			isa = XCConfigurationList;
			buildConfigurations = (
				"___DebugConf_StructuredData" /* Debug */,
				_ReleaseConf_StructuredData /* Release */,
			);
			defaultConfigurationIsVisible = 0;
			defaultConfigurationName = Debug;
		};
/* End XCConfigurationList section */
	};
	rootObject = __RootObject_ /* Project object */;
}
